
Microsoft Visual Studio Solution File, Format Version 12.00
# Visual Studio Version 17
VisualStudioVersion = 17.10.35122.118
MinimumVisualStudioVersion = 10.0.40219.1
Project("{9A19103F-16F7-4668-BE54-9A1E7A4F7556}") = "WarehouseClassLibrary.Models", "WarehouseClassLibrary.Models\WarehouseClassLibrary.Models.csproj", "{49760248-44DD-4B03-8A55-041DEC8ADDB0}"
EndProject
Project("{9A19103F-16F7-4668-BE54-9A1E7A4F7556}") = "WarehouseClassLibrary.Data", "WarehouseClassLibrary.Data\WarehouseClassLibrary.Data.csproj", "{C0B71335-708B-41BB-915B-7AE5FC415F46}"
EndProject
Project("{FAE04EC0-301F-11D3-BF4B-00C04F79EFBC}") = "WarehouseApplication", "WarehouseApplication\WarehouseApplication.csproj", "{3A4900B8-61D5-4658-8E9E-B79B4417EC57}"
EndProject
Global
	GlobalSection(SolutionConfigurationPlatforms) = preSolution
		Debug|Any CPU = Debug|Any CPU
		Release|Any CPU = Release|Any CPU
	EndGlobalSection
	GlobalSection(ProjectConfigurationPlatforms) = postSolution
		{49760248-44DD-4B03-8A55-041DEC8ADDB0}.Debug|Any CPU.ActiveCfg = Debug|Any CPU
		{49760248-44DD-4B03-8A55-041DEC8ADDB0}.Debug|Any CPU.Build.0 = Debug|Any CPU
		{49760248-44DD-4B03-8A55-041DEC8ADDB0}.Release|Any CPU.ActiveCfg = Release|Any CPU
		{49760248-44DD-4B03-8A55-041DEC8ADDB0}.Release|Any CPU.Build.0 = Release|Any CPU
		{C0B71335-708B-41BB-915B-7AE5FC415F46}.Debug|Any CPU.ActiveCfg = Debug|Any CPU
		{C0B71335-708B-41BB-915B-7AE5FC415F46}.Debug|Any CPU.Build.0 = Debug|Any CPU
		{C0B71335-708B-41BB-915B-7AE5FC415F46}.Release|Any CPU.ActiveCfg = Release|Any CPU
		{C0B71335-708B-41BB-915B-7AE5FC415F46}.Release|Any CPU.Build.0 = Release|Any CPU
		{3A4900B8-61D5-4658-8E9E-B79B4417EC57}.Debug|Any CPU.ActiveCfg = Debug|Any CPU
		{3A4900B8-61D5-4658-8E9E-B79B4417EC57}.Debug|Any CPU.Build.0 = Debug|Any CPU
		{3A4900B8-61D5-4658-8E9E-B79B4417EC57}.Release|Any CPU.ActiveCfg = Release|Any CPU
		{3A4900B8-61D5-4658-8E9E-B79B4417EC57}.Release|Any CPU.Build.0 = Release|Any CPU
	EndGlobalSection
	GlobalSection(SolutionProperties) = preSolution
		HideSolutionNode = FALSE
	EndGlobalSection
	GlobalSection(ExtensibilityGlobals) = postSolution
		SolutionGuid = {6893568E-A703-4C53-8B7F-E171BF9869C2}
	EndGlobalSection
EndGlobal
